// !$*UTF8*$!
{
	archiveVersion = 1;
	classes = {
	};
	objectVersion = 56;
	objects = {

/* Begin PBXBuildFile section */
		73E5CF7D2B41EEC500EDAC93 /* RusableFactsView.swift in Sources */ = {isa = PBXBuildFile; fileRef = 73E5CF7C2B41EEC500EDAC93 /* RusableFactsView.swift */; };
		73F428572B43297600FEA46F /* AboutView.swift in Sources */ = {isa = PBXBuildFile; fileRef = 73F428562B43297600FEA46F /* AboutView.swift */; };
		73FE18E32B40911C00DFA5DD /* Facts_AppApp.swift in Sources */ = {isa = PBXBuildFile; fileRef = 73FE18E22B40911C00DFA5DD /* Facts_AppApp.swift */; };
		73FE18E52B40911C00DFA5DD /* FactsHomeView.swift in Sources */ = {isa = PBXBuildFile; fileRef = 73FE18E42B40911C00DFA5DD /* FactsHomeView.swift */; };
		73FE18E72B40911C00DFA5DD /* Assets.xcassets in Resources */ = {isa = PBXBuildFile; fileRef = 73FE18E62B40911C00DFA5DD /* Assets.xcassets */; };
		73FE18EA2B40911C00DFA5DD /* Preview Assets.xcassets in Resources */ = {isa = PBXBuildFile; fileRef = 73FE18E92B40911C00DFA5DD /* Preview Assets.xcassets */; };
		73FE18F22B4097DC00DFA5DD /* Model.swift in Sources */ = {isa = PBXBuildFile; fileRef = 73FE18F12B4097DC00DFA5DD /* Model.swift */; };
		73FE18F52B40B0F200DFA5DD /* FactsHomeViewModel.swift in Sources */ = {isa = PBXBuildFile; fileRef = 73FE18F42B40B0F200DFA5DD /* FactsHomeViewModel.swift */; };
		73FE18F92B40C18000DFA5DD /* Extensions.swift in Sources */ = {isa = PBXBuildFile; fileRef = 73FE18F82B40C18000DFA5DD /* Extensions.swift */; };
		73FE18FB2B40D24000DFA5DD /* Logger.swift in Sources */ = {isa = PBXBuildFile; fileRef = 73FE18FA2B40D24000DFA5DD /* Logger.swift */; };
/* End PBXBuildFile section */

/* Begin PBXFileReference section */
		73E5CF7C2B41EEC500EDAC93 /* RusableFactsView.swift */ = {isa = PBXFileReference; lastKnownFileType = sourcecode.swift; path = RusableFactsView.swift; sourceTree = "<group>"; };
		73F428562B43297600FEA46F /* AboutView.swift */ = {isa = PBXFileReference; lastKnownFileType = sourcecode.swift; path = AboutView.swift; sourceTree = "<group>"; };
		73FE18DF2B40911C00DFA5DD /* Facts App.app */ = {isa = PBXFileReference; explicitFileType = wrapper.application; includeInIndex = 0; path = "Facts App.app"; sourceTree = BUILT_PRODUCTS_DIR; };
		73FE18E22B40911C00DFA5DD /* Facts_AppApp.swift */ = {isa = PBXFileReference; lastKnownFileType = sourcecode.swift; path = Facts_AppApp.swift; sourceTree = "<group>"; };
		73FE18E42B40911C00DFA5DD /* FactsHomeView.swift */ = {isa = PBXFileReference; lastKnownFileType = sourcecode.swift; path = FactsHomeView.swift; sourceTree = "<group>"; };
		73FE18E62B40911C00DFA5DD /* Assets.xcassets */ = {isa = PBXFileReference; lastKnownFileType = folder.assetcatalog; path = Assets.xcassets; sourceTree = "<group>"; };
		73FE18E92B40911C00DFA5DD /* Preview Assets.xcassets */ = {isa = PBXFileReference; lastKnownFileType = folder.assetcatalog; path = "Preview Assets.xcassets"; sourceTree = "<group>"; };
		73FE18F12B4097DC00DFA5DD /* Model.swift */ = {isa = PBXFileReference; lastKnownFileType = sourcecode.swift; path = Model.swift; sourceTree = "<group>"; };
		73FE18F42B40B0F200DFA5DD /* FactsHomeViewModel.swift */ = {isa = PBXFileReference; lastKnownFileType = sourcecode.swift; path = FactsHomeViewModel.swift; sourceTree = "<group>"; };
		73FE18F82B40C18000DFA5DD /* Extensions.swift */ = {isa = PBXFileReference; lastKnownFileType = sourcecode.swift; path = Extensions.swift; sourceTree = "<group>"; };
		73FE18FA2B40D24000DFA5DD /* Logger.swift */ = {isa = PBXFileReference; lastKnownFileType = sourcecode.swift; path = Logger.swift; sourceTree = "<group>"; };
/* End PBXFileReference section */

/* Begin PBXFrameworksBuildPhase section */
		73FE18DC2B40911C00DFA5DD /* Frameworks */ = {
			isa = PBXFrameworksBuildPhase;
			buildActionMask = 2147483647;
			files = (
			);
			runOnlyForDeploymentPostprocessing = 0;
		};
/* End PBXFrameworksBuildPhase section */

/* Begin PBXGroup section */
		73E5CF7B2B41EE8500EDAC93 /* FactsViews */ = {
			isa = PBXGroup;
			children = (
				73E5CF7C2B41EEC500EDAC93 /* RusableFactsView.swift */,
			);
			path = FactsViews;
			sourceTree = "<group>";
		};
		73F428552B43295100FEA46F /* About */ = {
			isa = PBXGroup;
			children = (
				73F428562B43297600FEA46F /* AboutView.swift */,
			);
			path = About;
			sourceTree = "<group>";
		};
		73FE18D62B40911B00DFA5DD = {
			isa = PBXGroup;
			children = (
				73FE18E12B40911C00DFA5DD /* Facts App */,
				73FE18E02B40911C00DFA5DD /* Products */,
			);
			sourceTree = "<group>";
		};
		73FE18E02B40911C00DFA5DD /* Products */ = {
			isa = PBXGroup;
			children = (
				73FE18DF2B40911C00DFA5DD /* Facts App.app */,
			);
			name = Products;
			sourceTree = "<group>";
		};
		73FE18E12B40911C00DFA5DD /* Facts App */ = {
			isa = PBXGroup;
			children = (
				73FE18E22B40911C00DFA5DD /* Facts_AppApp.swift */,
				73FE18F02B4097C500DFA5DD /* Model */,
				73F428552B43295100FEA46F /* About */,
				73FE18F32B40B0D500DFA5DD /* FactsHome */,
				73FE18F72B40C15500DFA5DD /* Ext + Utils */,
				73FE18E62B40911C00DFA5DD /* Assets.xcassets */,
				73FE18E82B40911C00DFA5DD /* Preview Content */,
			);
			path = "Facts App";
			sourceTree = "<group>";
		};
		73FE18E82B40911C00DFA5DD /* Preview Content */ = {
			isa = PBXGroup;
			children = (
				73FE18E92B40911C00DFA5DD /* Preview Assets.xcassets */,
			);
			path = "Preview Content";
			sourceTree = "<group>";
		};
		73FE18F02B4097C500DFA5DD /* Model */ = {
			isa = PBXGroup;
			children = (
				73FE18F12B4097DC00DFA5DD /* Model.swift */,
			);
			path = Model;
			sourceTree = "<group>";
		};
		73FE18F32B40B0D500DFA5DD /* FactsHome */ = {
			isa = PBXGroup;
			children = (
				73FE18E42B40911C00DFA5DD /* FactsHomeView.swift */,
				73FE18F42B40B0F200DFA5DD /* FactsHomeViewModel.swift */,
				73E5CF7B2B41EE8500EDAC93 /* FactsViews */,
			);
			path = FactsHome;
			sourceTree = "<group>";
		};
		73FE18F72B40C15500DFA5DD /* Ext + Utils */ = {
			isa = PBXGroup;
			children = (
				73FE18F82B40C18000DFA5DD /* Extensions.swift */,
				73FE18FA2B40D24000DFA5DD /* Logger.swift */,
			);
			path = "Ext + Utils";
			sourceTree = "<group>";
		};
/* End PBXGroup section */

/* Begin PBXNativeTarget section */
		73FE18DE2B40911C00DFA5DD /* Facts App */ = {
			isa = PBXNativeTarget;
			buildConfigurationList = 73FE18ED2B40911C00DFA5DD /* Build configuration list for PBXNativeTarget "Facts App" */;
			buildPhases = (
				73FE18DB2B40911C00DFA5DD /* Sources */,
				73FE18DC2B40911C00DFA5DD /* Frameworks */,
				73FE18DD2B40911C00DFA5DD /* Resources */,
			);
			buildRules = (
			);
			dependencies = (
			);
			name = "Facts App";
			packageProductDependencies = (
			);
			productName = "Facts App";
			productReference = 73FE18DF2B40911C00DFA5DD /* Facts App.app */;
			productType = "com.apple.product-type.application";
		};
/* End PBXNativeTarget section */

/* Begin PBXProject section */
		73FE18D72B40911B00DFA5DD /* Project object */ = {
			isa = PBXProject;
			attributes = {
				BuildIndependentTargetsInParallel = 1;
				LastSwiftUpdateCheck = 1510;
				LastUpgradeCheck = 1510;
				TargetAttributes = {
					73FE18DE2B40911C00DFA5DD = {
						CreatedOnToolsVersion = 15.1;
					};
				};
			};
			buildConfigurationList = 73FE18DA2B40911B00DFA5DD /* Build configuration list for PBXProject "Facts App" */;
			compatibilityVersion = "Xcode 14.0";
			developmentRegion = en;
			hasScannedForEncodings = 0;
			knownRegions = (
				en,
				Base,
			);
			mainGroup = 73FE18D62B40911B00DFA5DD;
			packageReferences = (
			);
			productRefGroup = 73FE18E02B40911C00DFA5DD /* Products */;
			projectDirPath = "";
			projectRoot = "";
			targets = (
				73FE18DE2B40911C00DFA5DD /* Facts App */,
			);
		};
/* End PBXProject section */

/* Begin PBXResourcesBuildPhase section */
		73FE18DD2B40911C00DFA5DD /* Resources */ = {
			isa = PBXResourcesBuildPhase;
			buildActionMask = 2147483647;
			files = (
				73FE18EA2B40911C00DFA5DD /* Preview Assets.xcassets in Resources */,
				73FE18E72B40911C00DFA5DD /* Assets.xcassets in Resources */,
			);
			runOnlyForDeploymentPostprocessing = 0;
		};
/* End PBXResourcesBuildPhase section */

/* Begin PBXSourcesBuildPhase section */
		73FE18DB2B40911C00DFA5DD /* Sources */ = {
			isa = PBXSourcesBuildPhase;
			buildActionMask = 2147483647;
			files = (
				73F428572B43297600FEA46F /* AboutView.swift in Sources */,
				73FE18F22B4097DC00DFA5DD /* Model.swift in Sources */,
				73FE18FB2B40D24000DFA5DD /* Logger.swift in Sources */,
				73FE18F52B40B0F200DFA5DD /* FactsHomeViewModel.swift in Sources */,
				73E5CF7D2B41EEC500EDAC93 /* RusableFactsView.swift in Sources */,
				73FE18E52B40911C00DFA5DD /* FactsHomeView.swift in Sources */,
				73FE18E32B40911C00DFA5DD /* Facts_AppApp.swift in Sources */,
				73FE18F92B40C18000DFA5DD /* Extensions.swift in Sources */,
			);
			runOnlyForDeploymentPostprocessing = 0;
		};
/* End PBXSourcesBuildPhase section */

/* Begin XCBuildConfiguration section */
		73FE18EB2B40911C00DFA5DD /* Debug */ = {
			isa = XCBuildConfiguration;
			buildSettings = {
				ALWAYS_SEARCH_USER_PATHS = NO;
				ASSETCATALOG_COMPILER_GENERATE_SWIFT_ASSET_SYMBOL_EXTENSIONS = YES;
				CLANG_ANALYZER_NONNULL = YES;
				CLANG_ANALYZER_NUMBER_OBJECT_CONVERSION = YES_AGGRESSIVE;
				CLANG_CXX_LANGUAGE_STANDARD = "gnu++20";
				CLANG_ENABLE_MODULES = YES;
				CLANG_ENABLE_OBJC_ARC = YES;
				CLANG_ENABLE_OBJC_WEAK = YES;
				CLANG_WARN_BLOCK_CAPTURE_AUTORELEASING = YES;
				CLANG_WARN_BOOL_CONVERSION = YES;
				CLANG_WARN_COMMA = YES;
				CLANG_WARN_CONSTANT_CONVERSION = YES;
				CLANG_WARN_DEPRECATED_OBJC_IMPLEMENTATIONS = YES;
				CLANG_WARN_DIRECT_OBJC_ISA_USAGE = YES_ERROR;
				CLANG_WARN_DOCUMENTATION_COMMENTS = YES;
				CLANG_WARN_EMPTY_BODY = YES;
				CLANG_WARN_ENUM_CONVERSION = YES;
				CLANG_WARN_INFINITE_RECURSION = YES;
				CLANG_WARN_INT_CONVERSION = YES;
				CLANG_WARN_NON_LITERAL_NULL_CONVERSION = YES;
				CLANG_WARN_OBJC_IMPLICIT_RETAIN_SELF = YES;
				CLANG_WARN_OBJC_LITERAL_CONVERSION = YES;
				CLANG_WARN_OBJC_ROOT_CLASS = YES_ERROR;
				CLANG_WARN_QUOTED_INCLUDE_IN_FRAMEWORK_HEADER = YES;
				CLANG_WARN_RANGE_LOOP_ANALYSIS = YES;
				CLANG_WARN_STRICT_PROTOTYPES = YES;
				CLANG_WARN_SUSPICIOUS_MOVE = YES;
				CLANG_WARN_UNGUARDED_AVAILABILITY = YES_AGGRESSIVE;
				CLANG_WARN_UNREACHABLE_CODE = YES;
				CLANG_WARN__DUPLICATE_METHOD_MATCH = YES;
				COPY_PHASE_STRIP = NO;
				DEBUG_INFORMATION_FORMAT = dwarf;
				ENABLE_STRICT_OBJC_MSGSEND = YES;
				ENABLE_TESTABILITY = YES;
				ENABLE_USER_SCRIPT_SANDBOXING = YES;
				GCC_C_LANGUAGE_STANDARD = gnu17;
				GCC_DYNAMIC_NO_PIC = NO;
				GCC_NO_COMMON_BLOCKS = YES;
				GCC_OPTIMIZATION_LEVEL = 0;
				GCC_PREPROCESSOR_DEFINITIONS = (
					"DEBUG=1",
					"$(inherited)",
				);
				GCC_WARN_64_TO_32_BIT_CONVERSION = YES;
				GCC_WARN_ABOUT_RETURN_TYPE = YES_ERROR;
				GCC_WARN_UNDECLARED_SELECTOR = YES;
				GCC_WARN_UNINITIALIZED_AUTOS = YES_AGGRESSIVE;
				GCC_WARN_UNUSED_FUNCTION = YES;
				GCC_WARN_UNUSED_VARIABLE = YES;
				IPHONEOS_DEPLOYMENT_TARGET = 17.2;
				LOCALIZATION_PREFERS_STRING_CATALOGS = YES;
				MTL_ENABLE_DEBUG_INFO = INCLUDE_SOURCE;
				MTL_FAST_MATH = YES;
				ONLY_ACTIVE_ARCH = YES;
				SDKROOT = iphoneos;
				SWIFT_ACTIVE_COMPILATION_CONDITIONS = "DEBUG $(inherited)";
				SWIFT_OPTIMIZATION_LEVEL = "-Onone";
			};
			name = Debug;
		};
		73FE18EC2B40911C00DFA5DD /* Release */ = {
			isa = XCBuildConfiguration;
			buildSettings = {
				ALWAYS_SEARCH_USER_PATHS = NO;
				ASSETCATALOG_COMPILER_GENERATE_SWIFT_ASSET_SYMBOL_EXTENSIONS = YES;
				CLANG_ANALYZER_NONNULL = YES;
				CLANG_ANALYZER_NUMBER_OBJECT_CONVERSION = YES_AGGRESSIVE;
				CLANG_CXX_LANGUAGE_STANDARD = "gnu++20";
				CLANG_ENABLE_MODULES = YES;
				CLANG_ENABLE_OBJC_ARC = YES;
				CLANG_ENABLE_OBJC_WEAK = YES;
				CLANG_WARN_BLOCK_CAPTURE_AUTORELEASING = YES;
				CLANG_WARN_BOOL_CONVERSION = YES;
				CLANG_WARN_COMMA = YES;
				CLANG_WARN_CONSTANT_CONVERSION = YES;
				CLANG_WARN_DEPRECATED_OBJC_IMPLEMENTATIONS = YES;
				CLANG_WARN_DIRECT_OBJC_ISA_USAGE = YES_ERROR;
				CLANG_WARN_DOCUMENTATION_COMMENTS = YES;
				CLANG_WARN_EMPTY_BODY = YES;
				CLANG_WARN_ENUM_CONVERSION = YES;
				CLANG_WARN_INFINITE_RECURSION = YES;
				CLANG_WARN_INT_CONVERSION = YES;
				CLANG_WARN_NON_LITERAL_NULL_CONVERSION = YES;
				CLANG_WARN_OBJC_IMPLICIT_RETAIN_SELF = YES;
				CLANG_WARN_OBJC_LITERAL_CONVERSION = YES;
				CLANG_WARN_OBJC_ROOT_CLASS = YES_ERROR;
				CLANG_WARN_QUOTED_INCLUDE_IN_FRAMEWORK_HEADER = YES;
				CLANG_WARN_RANGE_LOOP_ANALYSIS = YES;
				CLANG_WARN_STRICT_PROTOTYPES = YES;
				CLANG_WARN_SUSPICIOUS_MOVE = YES;
				CLANG_WARN_UNGUARDED_AVAILABILITY = YES_AGGRESSIVE;
				CLANG_WARN_UNREACHABLE_CODE = YES;
				CLANG_WARN__DUPLICATE_METHOD_MATCH = YES;
				COPY_PHASE_STRIP = NO;
				DEBUG_INFORMATION_FORMAT = "dwarf-with-dsym";
				ENABLE_NS_ASSERTIONS = NO;
				ENABLE_STRICT_OBJC_MSGSEND = YES;
				ENABLE_USER_SCRIPT_SANDBOXING = YES;
				GCC_C_LANGUAGE_STANDARD = gnu17;
				GCC_NO_COMMON_BLOCKS = YES;
				GCC_WARN_64_TO_32_BIT_CONVERSION = YES;
				GCC_WARN_ABOUT_RETURN_TYPE = YES_ERROR;
				GCC_WARN_UNDECLARED_SELECTOR = YES;
				GCC_WARN_UNINITIALIZED_AUTOS = YES_AGGRESSIVE;
				GCC_WARN_UNUSED_FUNCTION = YES;
				GCC_WARN_UNUSED_VARIABLE = YES;
				IPHONEOS_DEPLOYMENT_TARGET = 17.2;
				LOCALIZATION_PREFERS_STRING_CATALOGS = YES;
				MTL_ENABLE_DEBUG_INFO = NO;
				MTL_FAST_MATH = YES;
				SDKROOT = iphoneos;
				SWIFT_COMPILATION_MODE = wholemodule;
				VALIDATE_PRODUCT = YES;
			};
			name = Release;
		};
		73FE18EE2B40911C00DFA5DD /* Debug */ = {
			isa = XCBuildConfiguration;
			buildSettings = {
				ASSETCATALOG_COMPILER_APPICON_NAME = AppIcon;
				ASSETCATALOG_COMPILER_GLOBAL_ACCENT_COLOR_NAME = AccentColor;
				CODE_SIGN_STYLE = Automatic;
				CURRENT_PROJECT_VERSION = 1;
				DEVELOPMENT_ASSET_PATHS = "\"Facts App/Preview Content\"";
				DEVELOPMENT_TEAM = LBM5YFV4LP;
				ENABLE_PREVIEWS = YES;
				GENERATE_INFOPLIST_FILE = YES;
				INFOPLIST_KEY_UIApplicationSceneManifest_Generation = YES;
				INFOPLIST_KEY_UIApplicationSupportsIndirectInputEvents = YES;
				INFOPLIST_KEY_UILaunchScreen_Generation = YES;
				INFOPLIST_KEY_UIStatusBarHidden = YES;
				INFOPLIST_KEY_UISupportedInterfaceOrientations = "UIInterfaceOrientationLandscapeLeft UIInterfaceOrientationLandscapeRight UIInterfaceOrientationPortrait UIInterfaceOrientationPortraitUpsideDown";
				IPHONEOS_DEPLOYMENT_TARGET = 17.0;
				LD_RUNPATH_SEARCH_PATHS = (
					"$(inherited)",
					"@executable_path/Frameworks",
				);
				MARKETING_VERSION = 1.0;
				PRODUCT_BUNDLE_IDENTIFIER = "com.Mahameed.Facts-App";
				PRODUCT_NAME = "$(TARGET_NAME)";
				SUPPORTED_PLATFORMS = "iphoneos iphonesimulator";
				SUPPORTS_MACCATALYST = NO;
				SUPPORTS_MAC_DESIGNED_FOR_IPHONE_IPAD = YES;
				SWIFT_EMIT_LOC_STRINGS = YES;
				SWIFT_VERSION = 5.0;
				TARGETED_DEVICE_FAMILY = "1,2";
			};
			name = Debug;
		};
		73FE18EF2B40911C00DFA5DD /* Release */ = {
			isa = XCBuildConfiguration;
			buildSettings = {
				ASSETCATALOG_COMPILER_APPICON_NAME = AppIcon;
				ASSETCATALOG_COMPILER_GLOBAL_ACCENT_COLOR_NAME = AccentColor;
				CODE_SIGN_STYLE = Automatic;
				CURRENT_PROJECT_VERSION = 1;
				DEVELOPMENT_ASSET_PATHS = "\"Facts App/Preview Content\"";
				DEVELOPMENT_TEAM = LBM5YFV4LP;
				ENABLE_PREVIEWS = YES;
				GENERATE_INFOPLIST_FILE = YES;
				INFOPLIST_KEY_UIApplicationSceneManifest_Generation = YES;
				INFOPLIST_KEY_UIApplicationSupportsIndirectInputEvents = YES;
				INFOPLIST_KEY_UILaunchScreen_Generation = YES;
				INFOPLIST_KEY_UIStatusBarHidden = YES;
				INFOPLIST_KEY_UISupportedInterfaceOrientations = "UIInterfaceOrientationLandscapeLeft UIInterfaceOrientationLandscapeRight UIInterfaceOrientationPortrait UIInterfaceOrientationPortraitUpsideDown";
				IPHONEOS_DEPLOYMENT_TARGET = 17.0;
				LD_RUNPATH_SEARCH_PATHS = (
					"$(inherited)",
					"@executable_path/Frameworks",
				);
				MARKETING_VERSION = 1.0;
				PRODUCT_BUNDLE_IDENTIFIER = "com.Mahameed.Facts-App";
				PRODUCT_NAME = "$(TARGET_NAME)";
				SUPPORTED_PLATFORMS = "iphoneos iphonesimulator";
				SUPPORTS_MACCATALYST = NO;
				SUPPORTS_MAC_DESIGNED_FOR_IPHONE_IPAD = YES;
				SWIFT_EMIT_LOC_STRINGS = YES;
				SWIFT_VERSION = 5.0;
				TARGETED_DEVICE_FAMILY = "1,2";
			};
			name = Release;
		};
/* End XCBuildConfiguration section */

/* Begin XCConfigurationList section */
		73FE18DA2B40911B00DFA5DD /* Build configuration list for PBXProject "Facts App" */ = {
			isa = XCConfigurationList;
			buildConfigurations = (
				73FE18EB2B40911C00DFA5DD /* Debug */,
				73FE18EC2B40911C00DFA5DD /* Release */,
			);
			defaultConfigurationIsVisible = 0;
			defaultConfigurationName = Release;
		};
		73FE18ED2B40911C00DFA5DD /* Build configuration list for PBXNativeTarget "Facts App" */ = {
			isa = XCConfigurationList;
			buildConfigurations = (
				73FE18EE2B40911C00DFA5DD /* Debug */,
				73FE18EF2B40911C00DFA5DD /* Release */,
			);
			defaultConfigurationIsVisible = 0;
			defaultConfigurationName = Release;
		};
/* End XCConfigurationList section */
	};
	rootObject = 73FE18D72B40911B00DFA5DD /* Project object */;
}
